// !$*UTF8*$!
{
	archiveVersion = 1;
	classes = {
	};
	objectVersion = 46;
	objects = {

/* Begin PBXBuildFile section */
		CF591F63165CA2A700C8F95F /* fixer.sh in Resources */ = {isa = PBXBuildFile; fileRef = CFBD01A7165BA13F00295C0C /* fixer.sh */; };
		CFA059CD165CDBED0076DC72 /* icon.icns in Resources */ = {isa = PBXBuildFile; fileRef = CFA059CC165CDBED0076DC72 /* icon.icns */; };
		CFA27DD2165CBB2300989868 /* Credits.rtf in Resources */ = {isa = PBXBuildFile; fileRef = CFBD0199165B6CCD00295C0C /* Credits.rtf */; };
		CFBD018B165B6CCC00295C0C /* Cocoa.framework in Frameworks */ = {isa = PBXBuildFile; fileRef = CFBD018A165B6CCC00295C0C /* Cocoa.framework */; };
		CFBD0195165B6CCD00295C0C /* InfoPlist.strings in Resources */ = {isa = PBXBuildFile; fileRef = CFBD0193165B6CCD00295C0C /* InfoPlist.strings */; };
		CFBD0197165B6CCD00295C0C /* main.m in Sources */ = {isa = PBXBuildFile; fileRef = CFBD0196165B6CCD00295C0C /* main.m */; };
		CFBD019E165B6CCD00295C0C /* GFAppDelegate.m in Sources */ = {isa = PBXBuildFile; fileRef = CFBD019D165B6CCD00295C0C /* GFAppDelegate.m */; };
		CFBD01A1165B6CD100295C0C /* MainMenu.xib in Resources */ = {isa = PBXBuildFile; fileRef = CFBD019F165B6CD100295C0C /* MainMenu.xib */; };
		CFBD01A9165BAA6900295C0C /* Security.framework in Frameworks */ = {isa = PBXBuildFile; fileRef = CFBD01A8165BAA6400295C0C /* Security.framework */; };
/* End PBXBuildFile section */

/* Begin PBXFileReference section */
		CFA059CC165CDBED0076DC72 /* icon.icns */ = {isa = PBXFileReference; lastKnownFileType = image.icns; name = icon.icns; path = ../icon.icns; sourceTree = "<group>"; };
		CFBD0186165B6CCC00295C0C /* gsFix.app */ = {isa = PBXFileReference; explicitFileType = wrapper.application; includeInIndex = 0; path = gsFix.app; sourceTree = BUILT_PRODUCTS_DIR; };
		CFBD018A165B6CCC00295C0C /* Cocoa.framework */ = {isa = PBXFileReference; lastKnownFileType = wrapper.framework; name = Cocoa.framework; path = System/Library/Frameworks/Cocoa.framework; sourceTree = SDKROOT; };
		CFBD018D165B6CCC00295C0C /* AppKit.framework */ = {isa = PBXFileReference; lastKnownFileType = wrapper.framework; name = AppKit.framework; path = System/Library/Frameworks/AppKit.framework; sourceTree = SDKROOT; };
		CFBD018E165B6CCC00295C0C /* CoreData.framework */ = {isa = PBXFileReference; lastKnownFileType = wrapper.framework; name = CoreData.framework; path = System/Library/Frameworks/CoreData.framework; sourceTree = SDKROOT; };
		CFBD018F165B6CCC00295C0C /* Foundation.framework */ = {isa = PBXFileReference; lastKnownFileType = wrapper.framework; name = Foundation.framework; path = System/Library/Frameworks/Foundation.framework; sourceTree = SDKROOT; };
		CFBD0192165B6CCC00295C0C /* gsFix-Info.plist */ = {isa = PBXFileReference; lastKnownFileType = text.plist.xml; path = "gsFix-Info.plist"; sourceTree = "<group>"; };
		CFBD0194165B6CCD00295C0C /* en */ = {isa = PBXFileReference; lastKnownFileType = text.plist.strings; name = en; path = en.lproj/InfoPlist.strings; sourceTree = "<group>"; };
		CFBD0196165B6CCD00295C0C /* main.m */ = {isa = PBXFileReference; lastKnownFileType = sourcecode.c.objc; path = main.m; sourceTree = "<group>"; };
		CFBD0198165B6CCD00295C0C /* gsFix-Prefix.pch */ = {isa = PBXFileReference; lastKnownFileType = sourcecode.c.h; path = "gsFix-Prefix.pch"; sourceTree = "<group>"; };
		CFBD019A165B6CCD00295C0C /* en */ = {isa = PBXFileReference; lastKnownFileType = text.rtf; name = en; path = en.lproj/Credits.rtf; sourceTree = "<group>"; };
		CFBD019C165B6CCD00295C0C /* GFAppDelegate.h */ = {isa = PBXFileReference; lastKnownFileType = sourcecode.c.h; path = GFAppDelegate.h; sourceTree = "<group>"; };
		CFBD019D165B6CCD00295C0C /* GFAppDelegate.m */ = {isa = PBXFileReference; lastKnownFileType = sourcecode.c.objc; path = GFAppDelegate.m; sourceTree = "<group>"; };
		CFBD01A0165B6CD100295C0C /* en */ = {isa = PBXFileReference; lastKnownFileType = file.xib; name = en; path = en.lproj/MainMenu.xib; sourceTree = "<group>"; };
		CFBD01A7165BA13F00295C0C /* fixer.sh */ = {isa = PBXFileReference; lastKnownFileType = text.script.sh; path = fixer.sh; sourceTree = "<group>"; };
		CFBD01A8165BAA6400295C0C /* Security.framework */ = {isa = PBXFileReference; lastKnownFileType = wrapper.framework; name = Security.framework; path = System/Library/Frameworks/Security.framework; sourceTree = SDKROOT; };
/* End PBXFileReference section */

/* Begin PBXFrameworksBuildPhase section */
		CFBD0183165B6CCC00295C0C /* Frameworks */ = {
			isa = PBXFrameworksBuildPhase;
			buildActionMask = 2147483647;
			files = (
				CFBD01A9165BAA6900295C0C /* Security.framework in Frameworks */,
				CFBD018B165B6CCC00295C0C /* Cocoa.framework in Frameworks */,
			);
			runOnlyForDeploymentPostprocessing = 0;
		};
/* End PBXFrameworksBuildPhase section */

/* Begin PBXGroup section */
		CFBD017B165B6CCB00295C0C = {
			isa = PBXGroup;
			children = (
				CFBD0190165B6CCC00295C0C /* gsFix */,
				CFBD0189165B6CCC00295C0C /* Frameworks */,
				CFBD0187165B6CCC00295C0C /* Products */,
			);
			sourceTree = "<group>";
		};
		CFBD0187165B6CCC00295C0C /* Products */ = {
			isa = PBXGroup;
			children = (
				CFBD0186165B6CCC00295C0C /* gsFix.app */,
			);
			name = Products;
			sourceTree = "<group>";
		};
		CFBD0189165B6CCC00295C0C /* Frameworks */ = {
			isa = PBXGroup;
			children = (
				CFBD018A165B6CCC00295C0C /* Cocoa.framework */,
				CFBD01A8165BAA6400295C0C /* Security.framework */,
				CFBD018C165B6CCC00295C0C /* Other Frameworks */,
			);
			name = Frameworks;
			sourceTree = "<group>";
		};
		CFBD018C165B6CCC00295C0C /* Other Frameworks */ = {
			isa = PBXGroup;
			children = (
				CFBD018D165B6CCC00295C0C /* AppKit.framework */,
				CFBD018E165B6CCC00295C0C /* CoreData.framework */,
				CFBD018F165B6CCC00295C0C /* Foundation.framework */,
			);
			name = "Other Frameworks";
			sourceTree = "<group>";
		};
		CFBD0190165B6CCC00295C0C /* gsFix */ = {
			isa = PBXGroup;
			children = (
				CFBD019C165B6CCD00295C0C /* GFAppDelegate.h */,
				CFBD019D165B6CCD00295C0C /* GFAppDelegate.m */,
				CFBD01A7165BA13F00295C0C /* fixer.sh */,
				CFBD019F165B6CD100295C0C /* MainMenu.xib */,
				CFBD0191165B6CCC00295C0C /* Supporting Files */,
			);
			path = gsFix;
			sourceTree = "<group>";
		};
		CFBD0191165B6CCC00295C0C /* Supporting Files */ = {
			isa = PBXGroup;
			children = (
				CFA059CC165CDBED0076DC72 /* icon.icns */,
				CFBD0192165B6CCC00295C0C /* gsFix-Info.plist */,
				CFBD0193165B6CCD00295C0C /* InfoPlist.strings */,
				CFBD0196165B6CCD00295C0C /* main.m */,
				CFBD0198165B6CCD00295C0C /* gsFix-Prefix.pch */,
				CFBD0199165B6CCD00295C0C /* Credits.rtf */,
			);
			name = "Supporting Files";
			sourceTree = "<group>";
		};
/* End PBXGroup section */

/* Begin PBXNativeTarget section */
		CFBD0185165B6CCC00295C0C /* gsFix */ = {
			isa = PBXNativeTarget;
			buildConfigurationList = CFBD01A4165B6CD100295C0C /* Build configuration list for PBXNativeTarget "gsFix" */;
			buildPhases = (
				CFBD0182165B6CCC00295C0C /* Sources */,
				CFBD0183165B6CCC00295C0C /* Frameworks */,
				CFBD0184165B6CCC00295C0C /* Resources */,
			);
			buildRules = (
			);
			dependencies = (
			);
			name = gsFix;
			productName = gsFix;
			productReference = CFBD0186165B6CCC00295C0C /* gsFix.app */;
			productType = "com.apple.product-type.application";
		};
/* End PBXNativeTarget section */

/* Begin PBXProject section */
		CFBD017D165B6CCB00295C0C /* Project object */ = {
			isa = PBXProject;
			attributes = {
				CLASSPREFIX = GF;
				LastUpgradeCheck = 0450;
				ORGANIZATIONNAME = "HASHBANG Productions";
			};
			buildConfigurationList = CFBD0180165B6CCB00295C0C /* Build configuration list for PBXProject "gsFix" */;
			compatibilityVersion = "Xcode 3.2";
			developmentRegion = English;
			hasScannedForEncodings = 0;
			knownRegions = (
				en,
			);
			mainGroup = CFBD017B165B6CCB00295C0C;
			productRefGroup = CFBD0187165B6CCC00295C0C /* Products */;
			projectDirPath = "";
			projectRoot = "";
			targets = (
				CFBD0185165B6CCC00295C0C /* gsFix */,
			);
		};
/* End PBXProject section */

/* Begin PBXResourcesBuildPhase section */
		CFBD0184165B6CCC00295C0C /* Resources */ = {
			isa = PBXResourcesBuildPhase;
			buildActionMask = 2147483647;
			files = (
				CF591F63165CA2A700C8F95F /* fixer.sh in Resources */,
				CFBD0195165B6CCD00295C0C /* InfoPlist.strings in Resources */,
				CFBD01A1165B6CD100295C0C /* MainMenu.xib in Resources */,
				CFA27DD2165CBB2300989868 /* Credits.rtf in Resources */,
				CFA059CD165CDBED0076DC72 /* icon.icns in Resources */,
			);
			runOnlyForDeploymentPostprocessing = 0;
		};
/* End PBXResourcesBuildPhase section */

/* Begin PBXSourcesBuildPhase section */
		CFBD0182165B6CCC00295C0C /* Sources */ = {
			isa = PBXSourcesBuildPhase;
			buildActionMask = 2147483647;
			files = (
				CFBD0197165B6CCD00295C0C /* main.m in Sources */,
				CFBD019E165B6CCD00295C0C /* GFAppDelegate.m in Sources */,
			);
			runOnlyForDeploymentPostprocessing = 0;
		};
/* End PBXSourcesBuildPhase section */

/* Begin PBXVariantGroup section */
		CFBD0193165B6CCD00295C0C /* InfoPlist.strings */ = {
			isa = PBXVariantGroup;
			children = (
				CFBD0194165B6CCD00295C0C /* en */,
			);
			name = InfoPlist.strings;
			sourceTree = "<group>";
		};
		CFBD0199165B6CCD00295C0C /* Credits.rtf */ = {
			isa = PBXVariantGroup;
			children = (
				CFBD019A165B6CCD00295C0C /* en */,
			);
			name = Credits.rtf;
			sourceTree = "<group>";
		};
		CFBD019F165B6CD100295C0C /* MainMenu.xib */ = {
			isa = PBXVariantGroup;
			children = (
				CFBD01A0165B6CD100295C0C /* en */,
			);
			name = MainMenu.xib;
			sourceTree = "<group>";
		};
/* End PBXVariantGroup section */

/* Begin XCBuildConfiguration section */
		CFBD01A2165B6CD100295C0C /* Debug */ = {
			isa = XCBuildConfiguration;
			buildSettings = {
				ALWAYS_SEARCH_USER_PATHS = NO;
				ARCHS = "$(ARCHS_STANDARD_64_BIT)";
				CLANG_CXX_LANGUAGE_STANDARD = "gnu++0x";
				CLANG_CXX_LIBRARY = "libc++";
				CLANG_WARN_EMPTY_BODY = YES;
				CLANG_WARN__DUPLICATE_METHOD_MATCH = YES;
				COPY_PHASE_STRIP = NO;
				GCC_C_LANGUAGE_STANDARD = gnu99;
				GCC_DYNAMIC_NO_PIC = NO;
				GCC_ENABLE_OBJC_EXCEPTIONS = YES;
				GCC_OPTIMIZATION_LEVEL = 0;
				GCC_PREPROCESSOR_DEFINITIONS = (
					"DEBUG=1",
					"$(inherited)",
				);
				GCC_SYMBOLS_PRIVATE_EXTERN = NO;
				GCC_WARN_64_TO_32_BIT_CONVERSION = YES;
				GCC_WARN_ABOUT_RETURN_TYPE = YES;
				GCC_WARN_UNINITIALIZED_AUTOS = YES;
				GCC_WARN_UNUSED_VARIABLE = YES;
				MACOSX_DEPLOYMENT_TARGET = 10.8;
				ONLY_ACTIVE_ARCH = YES;
				SDKROOT = macosx;
			};
			name = Debug;
		};
		CFBD01A3165B6CD100295C0C /* Release */ = {
			isa = XCBuildConfiguration;
			buildSettings = {
				ALWAYS_SEARCH_USER_PATHS = NO;
				ARCHS = "$(ARCHS_STANDARD_64_BIT)";
				CLANG_CXX_LANGUAGE_STANDARD = "gnu++0x";
				CLANG_CXX_LIBRARY = "libc++";
				CLANG_WARN_EMPTY_BODY = YES;
				CLANG_WARN__DUPLICATE_METHOD_MATCH = YES;
				COPY_PHASE_STRIP = YES;
				DEBUG_INFORMATION_FORMAT = "dwarf-with-dsym";
				GCC_C_LANGUAGE_STANDARD = gnu99;
				GCC_ENABLE_OBJC_EXCEPTIONS = YES;
				GCC_WARN_64_TO_32_BIT_CONVERSION = YES;
				GCC_WARN_ABOUT_RETURN_TYPE = YES;
				GCC_WARN_UNINITIALIZED_AUTOS = YES;
				GCC_WARN_UNUSED_VARIABLE = YES;
				MACOSX_DEPLOYMENT_TARGET = 10.8;
				SDKROOT = macosx;
			};
			name = Release;
		};
		CFBD01A5165B6CD100295C0C /* Debug */ = {
			isa = XCBuildConfiguration;
			buildSettings = {
				COMBINE_HIDPI_IMAGES = YES;
				GCC_PRECOMPILE_PREFIX_HEADER = YES;
				GCC_PREFIX_HEADER = "gsFix/gsFix-Prefix.pch";
				INFOPLIST_FILE = "gsFix/gsFix-Info.plist";
				MACOSX_DEPLOYMENT_TARGET = 10.6;
				PRODUCT_NAME = "$(TARGET_NAME)";
				WRAPPER_EXTENSION = app;
			};
			name = Debug;
		};
		CFBD01A6165B6CD100295C0C /* Release */ = {
			isa = XCBuildConfiguration;
			buildSettings = {
				COMBINE_HIDPI_IMAGES = YES;
				GCC_PRECOMPILE_PREFIX_HEADER = YES;
				GCC_PREFIX_HEADER = "gsFix/gsFix-Prefix.pch";
				INFOPLIST_FILE = "gsFix/gsFix-Info.plist";
				MACOSX_DEPLOYMENT_TARGET = 10.6;
				PRODUCT_NAME = "$(TARGET_NAME)";
				WRAPPER_EXTENSION = app;
			};
			name = Release;
		};
/* End XCBuildConfiguration section */

/* Begin XCConfigurationList section */
		CFBD0180165B6CCB00295C0C /* Build configuration list for PBXProject "gsFix" */ = {
			isa = XCConfigurationList;
			buildConfigurations = (
				CFBD01A2165B6CD100295C0C /* Debug */,
				CFBD01A3165B6CD100295C0C /* Release */,
			);
			defaultConfigurationIsVisible = 0;
			defaultConfigurationName = Release;
		};
		CFBD01A4165B6CD100295C0C /* Build configuration list for PBXNativeTarget "gsFix" */ = {
			isa = XCConfigurationList;
			buildConfigurations = (
				CFBD01A5165B6CD100295C0C /* Debug */,
				CFBD01A6165B6CD100295C0C /* Release */,
			);
			defaultConfigurationIsVisible = 0;
			defaultConfigurationName = Release;
		};
/* End XCConfigurationList section */
	};
	rootObject = CFBD017D165B6CCB00295C0C /* Project object */;
}
